[[package]]
category = "main"
description = ""
name = "aleksis"
optional = false
python-versions = "^3.7"
version = "1.0a4.dev0"

[package.dependencies]
Django = "^3.0"
Pillow = "^7.0"
colour = "^0.1.5"
django-any-js = "^1.0"
django-bootstrap4 = "^1.0"
django-dbsettings = "^1.0.0"
django-debug-toolbar = "^2.0"
django-easy-audit = "^1.2rc1"
django-hattori = "^0.2"
django-image-cropping = "^1.2"
django-impersonate = "^1.4"
django-ipware = "^2.1"
django-maintenance-mode = "^0.14.0"
django-material = "^1.6.0"
django-menu-generator = "^1.0.4"
django-middleware-global-request = "^0.1.2"
django-sass-processor = "^0.8"
django-settings-context-processor = "^0.2"
django-tables2 = "^2.1"
django-yarnpkg = "^6.0"
django_select2 = "^7.1"
easy-thumbnails = "^2.6"
libsass = "^0.19.2"
psycopg2 = "^2.8"
python-memcached = "^1.59"
requests = "^2.22"

[package.dependencies.django-phonenumber-field]
extras = ["phonenumbers"]
version = ">=3.0, <5.0"

[package.dependencies.django-two-factor-auth]
extras = ["YubiKey", "phonenumbers", "Call", "SMS"]
version = "^1.10.0"

[package.dependencies.dynaconf]
extras = ["yaml", "toml", "ini"]
version = "^2.0"

[package.extras]
ldap = ["django-auth-ldap (^2.0)"]

[package.source]
reference = ""
type = "directory"
url = "../../.."

[[package]]
category = "main"
description = ""
name = "aleksis-app-chronos"
optional = false
python-versions = "^3.7"
version = "1.0a4dev0"

[package.dependencies]
AlekSIS = "*"

[package.source]
reference = ""
type = "directory"
url = "../AlekSIS-App-Chronos"

[[package]]
category = "main"
description = "ASGI specs, helper code, and adapters"
name = "asgiref"
optional = false
python-versions = "*"
version = "3.2.3"

[package.extras]
tests = ["pytest (>=4.3.0,<4.4.0)", "pytest-asyncio (>=0.10.0,<0.11.0)"]

[[package]]
category = "main"
description = "Internationalization utilities"
name = "babel"
optional = false
python-versions = ">=2.7, !=3.0.*, !=3.1.*, !=3.2.*, !=3.3.*"
version = "2.8.0"

[package.dependencies]
pytz = ">=2015.7"

[[package]]
category = "main"
description = "Screen-scraping library"
name = "beautifulsoup4"
optional = false
python-versions = "*"
version = "4.8.2"

[package.dependencies]
soupsieve = ">=1.2"

[package.extras]
html5lib = ["html5lib"]
lxml = ["lxml"]

[[package]]
category = "main"
description = "Python package for providing Mozilla's CA Bundle."
name = "certifi"
optional = false
python-versions = "*"
version = "2019.11.28"

[[package]]
category = "main"
description = "Universal encoding detector for Python 2 and 3"
name = "chardet"
optional = false
python-versions = "*"
version = "3.0.4"

[[package]]
category = "main"
description = "Composable command line interface toolkit"
name = "click"
optional = false
python-versions = ">=2.7, !=3.0.*, !=3.1.*, !=3.2.*, !=3.3.*"
version = "7.0"

[[package]]
category = "main"
description = "Cross-platform colored terminal text."
marker = "platform_system == \"Windows\""
name = "colorama"
optional = false
python-versions = ">=2.7, !=3.0.*, !=3.1.*, !=3.2.*, !=3.3.*, !=3.4.*"
version = "0.4.3"

[[package]]
category = "main"
description = "converts and manipulates various color representation (HSL, RVB, web, X11, ...)"
name = "colour"
optional = false
python-versions = "*"
version = "0.1.5"

[package.extras]
test = ["nose"]

[[package]]
category = "main"
description = "Config file reading, writing and validation."
name = "configobj"
optional = false
python-versions = "*"
version = "5.0.6"

[package.dependencies]
six = "*"

[[package]]
category = "main"
description = "A high-level Python Web framework that encourages rapid development and clean, pragmatic design."
name = "django"
optional = false
python-versions = ">=3.6"
version = "3.0.2"

[package.dependencies]
asgiref = ">=3.2,<4.0"
pytz = "*"
sqlparse = ">=0.2.2"

[package.extras]
argon2 = ["argon2-cffi (>=16.1.0)"]
bcrypt = ["bcrypt"]

[[package]]
category = "main"
description = "Include JavaScript libraries with readable template tags"
name = "django-any-js"
optional = false
python-versions = "*"
version = "1.0.3.post0"

[package.dependencies]
Django = ">=1.11"

[[package]]
category = "main"
description = "A helper class for handling configuration defaults of packaged apps gracefully."
name = "django-appconf"
optional = false
python-versions = "*"
version = "1.0.3"

[package.dependencies]
django = "*"
six = "*"

[[package]]
category = "main"
description = "Bootstrap support for Django projects"
name = "django-bootstrap4"
optional = false
python-versions = "*"
version = "1.1.1"

[package.dependencies]
beautifulsoup4 = "*"

[[package]]
category = "main"
description = "Bulk update using one query over Django ORM."
name = "django-bulk-update"
optional = false
python-versions = "*"
version = "2.2.0"

[package.dependencies]
Django = ">=1.8"

[[package]]
category = "main"
description = "Application settings whose values can be updated while a project is up and running."
name = "django-dbsettings"
optional = false
python-versions = "*"
version = "1.0.0"

[[package]]
category = "main"
description = "A configurable set of panels that display various debug information about the current request/response."
name = "django-debug-toolbar"
optional = false
python-versions = ">=3.5"
version = "2.1"

[package.dependencies]
Django = ">=1.11"
sqlparse = ">=0.2.0"

[[package]]
category = "main"
description = "Yet another Django audit log app, hopefully the simplest one."
name = "django-easy-audit"
optional = false
python-versions = "*"
version = "1.2rc1"

[package.dependencies]
beautifulsoup4 = "*"

[[package]]
category = "main"
description = "A set of high-level abstractions for Django forms"
name = "django-formtools"
optional = false
python-versions = "*"
version = "2.2"

[package.dependencies]
Django = ">=1.11"

[[package]]
category = "main"
description = "Command to anonymize sensitive data."
name = "django-hattori"
optional = false
python-versions = "*"
version = "0.2.1"

[package.dependencies]
Django = ">=1.8"
Faker = ">=0.8.13"
django-bulk-update = ">=2.2.0"
six = "*"
tqdm = ">=4.23.4"

[[package]]
category = "main"
description = "A reusable app for cropping images easily and non-destructively in Django"
name = "django-image-cropping"
optional = false
python-versions = "*"
version = "1.3.0"

[package.dependencies]
django-appconf = ">=1.0.2"

[[package]]
category = "main"
description = "Django app to allow superusers to impersonate other users."
name = "django-impersonate"
optional = false
python-versions = "*"
version = "1.4.1"

[[package]]
category = "main"
description = "A Django utility application that returns client's real IP address"
name = "django-ipware"
optional = false
python-versions = "*"
version = "2.1.0"

[[package]]
category = "main"
description = "django-maintenance-mode shows a 503 error page when maintenance-mode is on."
name = "django-maintenance-mode"
optional = false
python-versions = "*"
version = "0.14.0"

[[package]]
category = "main"
description = "Material design for django forms and admin"
name = "django-material"
optional = false
python-versions = "*"
version = "1.6.0"

[package.dependencies]
six = "*"

[[package]]
category = "main"
description = "A straightforward menu generator for Django"
name = "django-menu-generator"
optional = false
python-versions = "*"
version = "1.0.4"

[[package]]
category = "main"
description = "Django middleware that keep request instance for every thread."
name = "django-middleware-global-request"
optional = false
python-versions = "*"
version = "0.1.2"

[package.dependencies]
django = "*"

[[package]]
category = "main"
description = "A pluggable framework for adding two-factor authentication to Django using one-time passwords."
name = "django-otp"
optional = false
python-versions = "*"
version = "0.7.5"

[package.dependencies]
django = ">=1.11"
six = ">=1.10.0"

[package.extras]
qrcode = ["qrcode"]

[[package]]
category = "main"
description = "A django-otp plugin that verifies YubiKey OTP tokens."
name = "django-otp-yubikey"
optional = false
python-versions = "*"
version = "0.5.2"

[package.dependencies]
YubiOTP = ">=0.2.2"
django-otp = ">=0.5.0"
six = ">=1.10.0"

[[package]]
category = "main"
description = "An international phone number field for django models."
name = "django-phonenumber-field"
optional = false
python-versions = ">=3.5"
version = "3.0.1"

[package.dependencies]
Django = ">=1.11.3"
babel = "*"

[package.dependencies.phonenumbers]
optional = true
version = ">=7.0.2"

[package.extras]
phonenumbers = ["phonenumbers (>=7.0.2)"]
phonenumberslite = ["phonenumberslite (>=7.0.2)"]

[[package]]
category = "main"
description = "SASS processor to compile SCSS files into *.css, while rendering, or offline."
name = "django-sass-processor"
optional = false
python-versions = "*"
version = "0.8"

[package.extras]
dev = ["libsass (>=0.13)"]
management-command = ["django-compressor (>=2.4)"]

[[package]]
category = "main"
description = "Select2 option fields for Django"
name = "django-select2"
optional = false
python-versions = "*"
version = "7.1.2"

[package.dependencies]
django = ">=2.0"
django-appconf = ">=0.6.0"

[[package]]
category = "main"
description = "Makes specified django settings visible in template rendering context."
name = "django-settings-context-processor"
optional = false
python-versions = "*"
version = "0.2"

[[package]]
category = "main"
description = "Table/data-grid framework for Django"
name = "django-tables2"
optional = false
python-versions = "*"
version = "2.2.1"

[package.dependencies]
Django = ">=1.11"

[package.extras]
tablib = ["tablib"]

[[package]]
category = "main"
description = "Complete Two-Factor Authentication for Django"
name = "django-two-factor-auth"
optional = false
python-versions = "*"
version = "1.10.0"

[package.dependencies]
Django = ">=1.11"
django-formtools = "*"
django-otp = ">=0.6.0,<0.99"
django-phonenumber-field = ">=1.1.0,<3.99"
qrcode = ">=4.0.0,<6.99"

[package.dependencies.django-otp-yubikey]
optional = true
version = "*"

[package.dependencies.phonenumbers]
optional = true
version = ">=7.0.9,<8.99"

[package.dependencies.twilio]
optional = true
version = ">=6.0"

[package.extras]
Call = ["twilio (>=6.0)"]
SMS = ["twilio (>=6.0)"]
YubiKey = ["django-otp-yubikey"]
phonenumbers = ["phonenumbers (>=7.0.9,<8.99)"]
phonenumberslite = ["phonenumberslite (>=7.0.9,<8.99)"]

[[package]]
category = "main"
description = "Integrate django with yarnpkg"
name = "django-yarnpkg"
optional = false
python-versions = "*"
version = "6.0.1"

[package.dependencies]
django = "*"
six = "*"

[[package]]
category = "main"
description = "The dynamic configurator for your Python Project"
name = "dynaconf"
optional = false
python-versions = "*"
version = "2.2.2"

[package.dependencies]
click = "<=7.0"
python-box = "<4.0.0"
python-dotenv = "<=0.10.3"

[[package.dependencies.toml]]
version = "<=0.10.0"

[[package.dependencies.toml]]
optional = true
version = "*"

[package.dependencies.PyYAML]
optional = true
version = "*"

[package.dependencies.configobj]
optional = true
version = "*"

[package.extras]
all = ["redis", "pyyaml", "configobj", "hvac"]
configobj = ["configobj"]
ini = ["configobj"]
redis = ["redis"]
toml = ["toml"]
vault = ["hvac"]
yaml = ["pyyaml"]

[[package]]
category = "main"
description = "Easy thumbnails for Django"
name = "easy-thumbnails"
optional = false
python-versions = ">=3.5"
version = "2.7"

[package.dependencies]
django = ">=1.11,<4.0"
pillow = "*"

[[package]]
category = "main"
description = "Faker is a Python package that generates fake data for you."
name = "faker"
optional = false
python-versions = ">=2.7, !=3.0.*, !=3.1.*, !=3.2.*, !=3.3.*, !=3.4.*"
version = "3.0.0"

[package.dependencies]
python-dateutil = ">=2.4"
six = ">=1.10"
text-unidecode = "1.3"

[[package]]
category = "main"
description = "Internationalized Domain Names in Applications (IDNA)"
name = "idna"
optional = false
python-versions = ">=2.7, !=3.0.*, !=3.1.*, !=3.2.*, !=3.3.*"
version = "2.8"

[[package]]
category = "main"
description = "Sass for Python: A straightforward binding of libsass for Python."
name = "libsass"
optional = false
python-versions = "*"
version = "0.19.4"

[package.dependencies]
six = "*"

[[package]]
category = "main"
description = "Python version of Google's common library for parsing, formatting, storing and validating international phone numbers."
name = "phonenumbers"
optional = false
python-versions = "*"
version = "8.11.1"

[[package]]
category = "main"
description = "Python Imaging Library (Fork)"
name = "pillow"
optional = false
python-versions = ">=3.5"
version = "7.0.0"

[[package]]
category = "main"
description = "psycopg2 - Python-PostgreSQL Database Adapter"
name = "psycopg2"
optional = false
python-versions = ">=2.7,!=3.0.*,!=3.1.*,!=3.2.*,!=3.3.*"
version = "2.8.4"

[[package]]
category = "main"
description = "Cryptographic library for Python"
name = "pycryptodome"
optional = false
python-versions = ">=2.6, !=3.0.*, !=3.1.*, !=3.2.*, !=3.3.*"
version = "3.9.4"

[[package]]
category = "main"
description = "JSON Web Token implementation in Python"
name = "pyjwt"
optional = false
python-versions = "*"
version = "1.7.1"

[package.extras]
crypto = ["cryptography (>=1.4)"]
flake8 = ["flake8", "flake8-import-order", "pep8-naming"]
test = ["pytest (>=4.0.1,<5.0.0)", "pytest-cov (>=2.6.0,<3.0.0)", "pytest-runner (>=4.2,<5.0.0)"]

[[package]]
category = "main"
description = "Advanced Python dictionaries with dot notation access"
name = "python-box"
optional = false
python-versions = "*"
version = "3.4.6"

[package.extras]
testing = ["pytest", "coverage (>=3.6)", "pytest-cov"]

[[package]]
category = "main"
description = "Extensions to the standard Python datetime module"
name = "python-dateutil"
optional = false
python-versions = "!=3.0.*,!=3.1.*,!=3.2.*,>=2.7"
version = "2.8.1"

[package.dependencies]
six = ">=1.5"

[[package]]
category = "main"
description = "Add .env support to your django/flask apps in development and deployments"
name = "python-dotenv"
optional = false
python-versions = "*"
version = "0.10.3"

[package.extras]
cli = ["click (>=5.0)"]

[[package]]
category = "main"
description = "Pure python memcached client"
name = "python-memcached"
optional = false
python-versions = "*"
version = "1.59"

[package.dependencies]
six = ">=1.4.0"

[[package]]
category = "main"
description = "World timezone definitions, modern and historical"
name = "pytz"
optional = false
python-versions = "*"
version = "2019.3"

[[package]]
category = "main"
description = "YAML parser and emitter for Python"
name = "pyyaml"
optional = false
python-versions = ">=2.7, !=3.0.*, !=3.1.*, !=3.2.*, !=3.3.*"
version = "5.2"

[[package]]
category = "main"
description = "QR Code image generator"
name = "qrcode"
optional = false
python-versions = "*"
version = "6.1"

[package.dependencies]
colorama = "*"
six = "*"

[package.extras]
dev = ["tox", "pytest", "mock"]
maintainer = ["zest.releaser"]
pil = ["pillow"]
test = ["pytest", "pytest-cov", "mock"]

[[package]]
category = "main"
description = "Python HTTP for Humans."
name = "requests"
optional = false
python-versions = ">=2.7, !=3.0.*, !=3.1.*, !=3.2.*, !=3.3.*, !=3.4.*"
version = "2.22.0"

[package.dependencies]
certifi = ">=2017.4.17"
chardet = ">=3.0.2,<3.1.0"
idna = ">=2.5,<2.9"
urllib3 = ">=1.21.1,<1.25.0 || >1.25.0,<1.25.1 || >1.25.1,<1.26"

[package.extras]
security = ["pyOpenSSL (>=0.14)", "cryptography (>=1.3.4)", "idna (>=2.0.0)"]
socks = ["PySocks (>=1.5.6,<1.5.7 || >1.5.7)", "win-inet-pton"]

[[package]]
category = "main"
description = "Python 2 and 3 compatibility utilities"
name = "six"
optional = false
python-versions = ">=2.6, !=3.0.*, !=3.1.*"
version = "1.13.0"

[[package]]
category = "main"
description = "A modern CSS selector implementation for Beautiful Soup."
name = "soupsieve"
optional = false
python-versions = "*"
version = "1.9.5"

[[package]]
category = "main"
description = "Non-validating SQL parser"
name = "sqlparse"
optional = false
python-versions = ">=2.7, !=3.0.*, !=3.1.*, !=3.2.*, !=3.3.*"
version = "0.3.0"

[[package]]
category = "main"
description = "The most basic Text::Unidecode port"
name = "text-unidecode"
optional = false
python-versions = "*"
version = "1.3"

[[package]]
category = "main"
description = "Python Library for Tom's Obvious, Minimal Language"
name = "toml"
optional = false
python-versions = "*"
version = "0.10.0"

[[package]]
category = "main"
description = "Fast, Extensible Progress Meter"
name = "tqdm"
optional = false
python-versions = ">=2.6, !=3.0.*, !=3.1.*"
version = "4.41.1"

[package.extras]
dev = ["py-make (>=0.1.0)", "twine", "argopt", "pydoc-markdown"]

[[package]]
category = "main"
description = "Twilio API client and TwiML generator"
name = "twilio"
optional = false
python-versions = "*"
version = "6.35.1"

[package.dependencies]
PyJWT = ">=1.4.2"
pytz = "*"
six = "*"

[package.dependencies.requests]
python = ">=3.0"
version = ">=2.0.0"

[[package]]
category = "main"
description = "HTTP library with thread-safe connection pooling, file post, and more."
name = "urllib3"
optional = false
python-versions = ">=2.7, !=3.0.*, !=3.1.*, !=3.2.*, !=3.3.*, <4"
version = "1.25.7"

[package.extras]
brotli = ["brotlipy (>=0.6.0)"]
secure = ["pyOpenSSL (>=0.14)", "cryptography (>=1.3.4)", "idna (>=2.0.0)", "certifi", "ipaddress"]
socks = ["PySocks (>=1.5.6,<1.5.7 || >1.5.7,<2.0)"]

[[package]]
category = "main"
description = "A library for verifying YubiKey OTP tokens, both locally and through a Yubico web service."
name = "yubiotp"
optional = false
python-versions = "*"
version = "0.2.2.post1"

[package.dependencies]
pycryptodome = "*"
six = "*"

[metadata]
content-hash = "7253e8207f53d4523f6bc1178a97203d4b03b0a645661877f6e92cd651ebf128"
python-versions = "^3.7"

[metadata.files]
aleksis = []
aleksis-app-chronos = []
asgiref = [
    {file = "asgiref-3.2.3-py2.py3-none-any.whl", hash = "sha256:ea448f92fc35a0ef4b1508f53a04c4670255a3f33d22a81c8fc9c872036adbe5"},
    {file = "asgiref-3.2.3.tar.gz", hash = "sha256:7e06d934a7718bf3975acbf87780ba678957b87c7adc056f13b6215d610695a0"},
]
babel = [
    {file = "Babel-2.8.0-py2.py3-none-any.whl", hash = "sha256:d670ea0b10f8b723672d3a6abeb87b565b244da220d76b4dba1b66269ec152d4"},
    {file = "Babel-2.8.0.tar.gz", hash = "sha256:1aac2ae2d0d8ea368fa90906567f5c08463d98ade155c0c4bfedd6a0f7160e38"},
]
beautifulsoup4 = [
    {file = "beautifulsoup4-4.8.2-py2-none-any.whl", hash = "sha256:e1505eeed31b0f4ce2dbb3bc8eb256c04cc2b3b72af7d551a4ab6efd5cbe5dae"},
    {file = "beautifulsoup4-4.8.2-py3-none-any.whl", hash = "sha256:9fbb4d6e48ecd30bcacc5b63b94088192dcda178513b2ae3c394229f8911b887"},
    {file = "beautifulsoup4-4.8.2.tar.gz", hash = "sha256:05fd825eb01c290877657a56df4c6e4c311b3965bda790c613a3d6fb01a5462a"},
]
certifi = [
    {file = "certifi-2019.11.28-py2.py3-none-any.whl", hash = "sha256:017c25db2a153ce562900032d5bc68e9f191e44e9a0f762f373977de9df1fbb3"},
    {file = "certifi-2019.11.28.tar.gz", hash = "sha256:25b64c7da4cd7479594d035c08c2d809eb4aab3a26e5a990ea98cc450c320f1f"},
]
chardet = [
    {file = "chardet-3.0.4-py2.py3-none-any.whl", hash = "sha256:fc323ffcaeaed0e0a02bf4d117757b98aed530d9ed4531e3e15460124c106691"},
    {file = "chardet-3.0.4.tar.gz", hash = "sha256:84ab92ed1c4d4f16916e05906b6b75a6c0fb5db821cc65e70cbd64a3e2a5eaae"},
]
click = [
    {file = "Click-7.0-py2.py3-none-any.whl", hash = "sha256:2335065e6395b9e67ca716de5f7526736bfa6ceead690adf616d925bdc622b13"},
    {file = "Click-7.0.tar.gz", hash = "sha256:5b94b49521f6456670fdb30cd82a4eca9412788a93fa6dd6df72c94d5a8ff2d7"},
]
colorama = [
    {file = "colorama-0.4.3-py2.py3-none-any.whl", hash = "sha256:7d73d2a99753107a36ac6b455ee49046802e59d9d076ef8e47b61499fa29afff"},
    {file = "colorama-0.4.3.tar.gz", hash = "sha256:e96da0d330793e2cb9485e9ddfd918d456036c7149416295932478192f4436a1"},
]
colour = [
    {file = "colour-0.1.5-py2.py3-none-any.whl", hash = "sha256:33f6db9d564fadc16e59921a56999b79571160ce09916303d35346dddc17978c"},
    {file = "colour-0.1.5.tar.gz", hash = "sha256:af20120fefd2afede8b001fbef2ea9da70ad7d49fafdb6489025dae8745c3aee"},
]
configobj = [
    {file = "configobj-5.0.6.tar.gz", hash = "sha256:a2f5650770e1c87fb335af19a9b7eb73fc05ccf22144eb68db7d00cd2bcb0902"},
]
django = [
    {file = "Django-3.0.2-py3-none-any.whl", hash = "sha256:4f2c913303be4f874015993420bf0bd8fd2097a9c88e6b49c6a92f9bdd3fb13a"},
    {file = "Django-3.0.2.tar.gz", hash = "sha256:8c3575f81e11390893860d97e1e0154c47512f180ea55bd84ce8fa69ba8051ca"},
]
django-any-js = [
    {file = "django-any-js-1.0.3.post0.tar.gz", hash = "sha256:1da88b44b861b0f54f6b8ea0eb4c7c4fa1a5772e9a4320532cd4e0871a4e23f7"},
]
django-appconf = [
    {file = "django-appconf-1.0.3.tar.gz", hash = "sha256:35f13ca4d567f132b960e2cd4c832c2d03cb6543452d34e29b7ba10371ba80e3"},
    {file = "django_appconf-1.0.3-py2.py3-none-any.whl", hash = "sha256:c98a7af40062e996b921f5962a1c4f3f0c979fa7885f7be4710cceb90ebe13a6"},
]
django-bootstrap4 = [
    {file = "django-bootstrap4-1.1.1.tar.gz", hash = "sha256:39f97cbce85eb66f6d76be2029bae171bd3863d0c6932b1c2dae7f299c569b90"},
    {file = "django_bootstrap4-1.1.1-py3-none-any.whl", hash = "sha256:0fcd84f8414a58b43df0b331c00c8b2f1786ae28f75f419b4d33b06fca43e0d1"},
]
django-bulk-update = [
    {file = "django-bulk-update-2.2.0.tar.gz", hash = "sha256:5ab7ce8a65eac26d19143cc189c0f041d5c03b9d1b290ca240dc4f3d6aaeb337"},
    {file = "django_bulk_update-2.2.0-py2.py3-none-any.whl", hash = "sha256:49a403392ae05ea872494d74fb3dfa3515f8df5c07cc277c3dc94724c0ee6985"},
]
django-dbsettings = [
    {file = "django-dbsettings-1.0.0.tar.gz", hash = "sha256:42b04dffd3bc90d91718c822f1e0212d9368e8efe340f7ef09517b5fb1cf49f5"},
]
django-debug-toolbar = [
    {file = "django-debug-toolbar-2.1.tar.gz", hash = "sha256:24c157bc6c0e1648e0a6587511ecb1b007a00a354ce716950bff2de12693e7a8"},
    {file = "django_debug_toolbar-2.1-py3-none-any.whl", hash = "sha256:77cfba1d6e91b9bc3d36dc7dc74a9bb80be351948db5f880f2562a0cbf20b6c5"},
]
django-easy-audit = [
    {file = "django-easy-audit-1.2rc1.tar.gz", hash = "sha256:80f82fa4006290dcd6589a345e75de1c780de49d38218050eedd9048c54b647d"},
    {file = "django_easy_audit-1.2rc1-py3-none-any.whl", hash = "sha256:fb9c5ec3e90f0900302448d3648acc11da6d6b3d35d13d77eab917ab8c813d77"},
]
django-formtools = [
    {file = "django-formtools-2.2.tar.gz", hash = "sha256:c5272c03c1cd51b2375abf7397a199a3148a9fbbf2f100e186467a84025d13b2"},
    {file = "django_formtools-2.2-py2.py3-none-any.whl", hash = "sha256:304fa777b8ef9e0693ce7833f885cb89ba46b0e46fc23b01176900a93f46742f"},
]
django-hattori = [
    {file = "django-hattori-0.2.1.tar.gz", hash = "sha256:6953d40881317252f19f62c4e7fe8058924b852c7498bc42beb7bc4d268c252c"},
    {file = "django_hattori-0.2.1-py2.py3-none-any.whl", hash = "sha256:e529ed7af8fc34a0169c797c477672b687a205a56f3f5206f90c260acb83b7ac"},
]
django-image-cropping = [
    {file = "django-image-cropping-1.3.0.tar.gz", hash = "sha256:5c102d87bc66de025517ad06e485c100f73313ebf725e7482a728944276f6463"},
]
django-impersonate = [
    {file = "django-impersonate-1.4.1.tar.gz", hash = "sha256:63b62d06f93b0318698c68f7314c78473914c262d4164eb66ad860bb83e04771"},
]
django-ipware = [
    {file = "django-ipware-2.1.0.tar.gz", hash = "sha256:a7c7a8fd019dbdc9c357e6e582f65034e897572fc79a7e467674efa8aef9d00b"},
]
django-maintenance-mode = [
    {file = "django-maintenance-mode-0.14.0.tar.gz", hash = "sha256:f3fef1760fdcda5e0bf6c2966aadc77eea6f328580a9c751920daba927281a68"},
    {file = "django_maintenance_mode-0.14.0-py2-none-any.whl", hash = "sha256:b4cc24a469ed10897826a28f05d64e6166a58d130e4940ac124ce198cd4cc778"},
]
django-material = [
    {file = "django-material-1.6.0.tar.gz", hash = "sha256:767ab6ad51f906bf773f927e853c2bff6b4ebdd1bd2bf45dbd4ef3e31657c3d5"},
    {file = "django_material-1.6.0-py2.py3-none-any.whl", hash = "sha256:6a30e42f0ceefef1ff325bda0017fa6f6a7fa534b15b8fcc48eb96de4b6adc8e"},
]
django-menu-generator = [
    {file = "django-menu-generator-1.0.4.tar.gz", hash = "sha256:ce71a5055c16933c8aff64fb36c21e5cf8b6d505733aceed1252f8b99369a378"},
]
django-middleware-global-request = [
    {file = "django-middleware-global-request-0.1.2.tar.gz", hash = "sha256:f6490759bc9f7dbde4001709554e29ca715daf847f2222914b4e47117dca9313"},
]
django-otp = [
    {file = "django-otp-0.7.5.tar.gz", hash = "sha256:1f16c2b93fe484706ff16ac6f5e64ecc73dd240318c333e0560384ba548d3837"},
    {file = "django_otp-0.7.5-py2.py3-none-any.whl", hash = "sha256:cd4975539be478417033561e9832a1a69a583189f680e92a649f412c661f90aa"},
]
django-otp-yubikey = [
    {file = "django-otp-yubikey-0.5.2.tar.gz", hash = "sha256:f0b1881562fb42ee9f12c28d284cbdb90d1f0383f2d53a595373b080a19bc261"},
    {file = "django_otp_yubikey-0.5.2-py2.py3-none-any.whl", hash = "sha256:26b12c763b37e99b95b8b8a54d06d8d54c3774eb26133a452f54558033de732b"},
]
django-phonenumber-field = [
    {file = "django-phonenumber-field-3.0.1.tar.gz", hash = "sha256:794ebbc3068a7af75aa72a80cb0cec67e714ff8409a965968040f1fd210b2d97"},
    {file = "django_phonenumber_field-3.0.1-py3-none-any.whl", hash = "sha256:1ab19f723928582fed412bd9844221fa4ff466276d8526b8b4a9913ee1487c5e"},
]
django-sass-processor = [
    {file = "django-sass-processor-0.8.tar.gz", hash = "sha256:e039551994feaaba6fcf880412b25a772dd313162a34cbb4289814988cfae340"},
]
django-select2 = [
    {file = "django-select2-7.1.2.tar.gz", hash = "sha256:bcd7e5fc920ceee0e63c36372d8e75bd2254d8a37ac67fc16581634766680d30"},
    {file = "django_select2-7.1.2-py2.py3-none-any.whl", hash = "sha256:4c8c4c7c4afee12c17e64d1eabf77af4cd2666a784cba1e74455ce759dd29393"},
]
django-settings-context-processor = [
    {file = "django-settings-context-processor-0.2.tar.gz", hash = "sha256:d37c853d69a3069f5abbf94c7f4f6fc0fac38bbd0524190cd5a250ba800e496a"},
]
django-tables2 = [
    {file = "django-tables2-2.2.1.tar.gz", hash = "sha256:0d9b17f5c030ba1b5fcaeb206d8397bf58f1fdfc6beaf56e7874841b8647aa94"},
    {file = "django_tables2-2.2.1-py2.py3-none-any.whl", hash = "sha256:6afa0496695e15b332e98537265d09fe01a55b28c75a85323d8e6b0dc2350280"},
]
django-two-factor-auth = [
    {file = "django-two-factor-auth-1.10.0.tar.gz", hash = "sha256:3c3af3cd747462be18e7494c4068a2bdc606d7a2d2b2914f8d4590fc80995a71"},
    {file = "django_two_factor_auth-1.10.0-py2.py3-none-any.whl", hash = "sha256:0945260fa84e4522d8fa951c35e401616579fd8564938441614399dc588a1c1f"},
]
django-yarnpkg = [
    {file = "django-yarnpkg-6.0.1.tar.gz", hash = "sha256:aa059347b246c6f242401581d2c129bdcb45aa726be59fe2f288762a9843348a"},
]
dynaconf = [
    {file = "dynaconf-2.2.2-py2.py3-none-any.whl", hash = "sha256:3cfc1ad7efae08b9cf91d81043a3230175e74e01157d875ce5ec6709bf4e6b9d"},
    {file = "dynaconf-2.2.2.tar.gz", hash = "sha256:4bac78b432e090d8ed66f1c23fb32e03ca91a590bf0a51ac36137e0e45ac31ca"},
]
easy-thumbnails = [
    {file = "easy-thumbnails-2.7.tar.gz", hash = "sha256:e4e7a0dd4001f56bfd4058428f2c91eafe27d33ef3b8b33ac4e013b159b9ff91"},
]
faker = [
    {file = "Faker-3.0.0-py2.py3-none-any.whl", hash = "sha256:202ad3b2ec16ae7c51c02904fb838831f8d2899e61bf18db1e91a5a582feab11"},
    {file = "Faker-3.0.0.tar.gz", hash = "sha256:92c84a10bec81217d9cb554ee12b3838c8986ce0b5d45f72f769da22e4bb5432"},
]
idna = [
    {file = "idna-2.8-py2.py3-none-any.whl", hash = "sha256:ea8b7f6188e6fa117537c3df7da9fc686d485087abf6ac197f9c46432f7e4a3c"},
    {file = "idna-2.8.tar.gz", hash = "sha256:c357b3f628cf53ae2c4c05627ecc484553142ca23264e593d327bcde5e9c3407"},
]
libsass = [
    {file = "libsass-0.19.4-cp27-cp27m-macosx_10_14_intel.whl", hash = "sha256:74acd9adf506142699dfa292f0e569fdccbd9e7cf619e8226f7117de73566e32"},
    {file = "libsass-0.19.4-cp27-cp27m-win32.whl", hash = "sha256:50778d4be269a021ba2bf42b5b8f6ff3704ab96a82175a052680bddf3ba7cc9f"},
    {file = "libsass-0.19.4-cp27-cp27m-win_amd64.whl", hash = "sha256:4dcfd561fb100250b89496e1362b96f2cc804f689a59731eb0f94f9a9e144f4a"},
    {file = "libsass-0.19.4-cp27-cp27mu-manylinux1_x86_64.whl", hash = "sha256:845a9573b25c141164972d498855f4ad29367c09e6d76fad12955ad0e1c83013"},
    {file = "libsass-0.19.4-cp35-cp35m-manylinux1_x86_64.whl", hash = "sha256:81a013a4c2a614927fd1ef7a386eddabbba695cbb02defe8f31cf495106e974c"},
    {file = "libsass-0.19.4-cp35-cp35m-win32.whl", hash = "sha256:fcb7ab4dc81889e5fc99cafbc2017bc76996f9992fc6b175f7a80edac61d71df"},
    {file = "libsass-0.19.4-cp35-cp35m-win_amd64.whl", hash = "sha256:fc5f8336750f76f1bfae82f7e9e89ae71438d26fc4597e3ab4c05ca8fcd41d8a"},
    {file = "libsass-0.19.4-cp36-cp36m-manylinux1_x86_64.whl", hash = "sha256:9b59afa0d755089c4165516400a39a289b796b5612eeef5736ab7a1ebf96a67c"},
    {file = "libsass-0.19.4-cp36-cp36m-win32.whl", hash = "sha256:c93df526eeef90b1ea4799c1d33b6cd5aea3e9f4633738fb95c1287c13e6b404"},
    {file = "libsass-0.19.4-cp36-cp36m-win_amd64.whl", hash = "sha256:0fd8b4337b3b101c6e6afda9112cc0dc4bacb9133b59d75d65968c7317aa3272"},
    {file = "libsass-0.19.4-cp37-cp37m-macosx_10_14_x86_64.whl", hash = "sha256:003a65b4facb4c5dbace53fb0f70f61c5aae056a04b4d112a198c3c9674b31f2"},
    {file = "libsass-0.19.4-cp37-cp37m-manylinux1_x86_64.whl", hash = "sha256:338e9ae066bf1fde874e335324d5355c52d2081d978b4f74fc59536564b35b08"},
    {file = "libsass-0.19.4-cp37-cp37m-win32.whl", hash = "sha256:e318f06f06847ff49b1f8d086ac9ebce1e63404f7ea329adab92f4f16ba0e00e"},
    {file = "libsass-0.19.4-cp37-cp37m-win_amd64.whl", hash = "sha256:a7e685466448c9b1bf98243339793978f654a1151eb5c975f09b83c7a226f4c1"},
    {file = "libsass-0.19.4-cp38-cp38-manylinux1_x86_64.whl", hash = "sha256:6a51393d75f6e3c812785b0fa0b7d67c54258c28011921f204643b55f7355ec0"},
    {file = "libsass-0.19.4.tar.gz", hash = "sha256:8b5b6d1a7c4ea1d954e0982b04474cc076286493f6af2d0a13c2e950fbe0be95"},
]
phonenumbers = [
    {file = "phonenumbers-8.11.1-py2.py3-none-any.whl", hash = "sha256:aaa19bc1f2c7efbf7a94be33558e0c5b71620377c9271692d3e314c558962460"},
    {file = "phonenumbers-8.11.1.tar.gz", hash = "sha256:239507184ee5b1b83557005af1d5fcce70f83ae18f5dff45b94a67226db10d63"},
]
pillow = [
    {file = "Pillow-7.0.0-cp35-cp35m-macosx_10_6_intel.whl", hash = "sha256:5f3546ceb08089cedb9e8ff7e3f6a7042bb5b37c2a95d392fb027c3e53a2da00"},
    {file = "Pillow-7.0.0-cp35-cp35m-manylinux1_i686.whl", hash = "sha256:9d2ba4ed13af381233e2d810ff3bab84ef9f18430a9b336ab69eaf3cd24299ff"},
    {file = "Pillow-7.0.0-cp35-cp35m-manylinux1_x86_64.whl", hash = "sha256:ff3797f2f16bf9d17d53257612da84dd0758db33935777149b3334c01ff68865"},
    {file = "Pillow-7.0.0-cp35-cp35m-win32.whl", hash = "sha256:c18f70dc27cc5d236f10e7834236aff60aadc71346a5bc1f4f83a4b3abee6386"},
    {file = "Pillow-7.0.0-cp35-cp35m-win_amd64.whl", hash = "sha256:875358310ed7abd5320f21dd97351d62de4929b0426cdb1eaa904b64ac36b435"},
    {file = "Pillow-7.0.0-cp36-cp36m-macosx_10_6_intel.whl", hash = "sha256:ab76e5580b0ed647a8d8d2d2daee170e8e9f8aad225ede314f684e297e3643c2"},
    {file = "Pillow-7.0.0-cp36-cp36m-manylinux1_i686.whl", hash = "sha256:a62ec5e13e227399be73303ff301f2865bf68657d15ea50b038d25fc41097317"},
    {file = "Pillow-7.0.0-cp36-cp36m-manylinux1_x86_64.whl", hash = "sha256:8ac6ce7ff3892e5deaab7abaec763538ffd011f74dc1801d93d3c5fc541feee2"},
    {file = "Pillow-7.0.0-cp36-cp36m-win32.whl", hash = "sha256:91b710e3353aea6fc758cdb7136d9bbdcb26b53cefe43e2cba953ac3ee1d3313"},
    {file = "Pillow-7.0.0-cp36-cp36m-win_amd64.whl", hash = "sha256:bf598d2e37cf8edb1a2f26ed3fb255191f5232badea4003c16301cb94ac5bdd0"},
    {file = "Pillow-7.0.0-cp37-cp37m-macosx_10_6_intel.whl", hash = "sha256:5bfef0b1cdde9f33881c913af14e43db69815c7e8df429ceda4c70a5e529210f"},
    {file = "Pillow-7.0.0-cp37-cp37m-manylinux1_i686.whl", hash = "sha256:dc058b7833184970d1248135b8b0ab702e6daa833be14035179f2acb78ff5636"},
    {file = "Pillow-7.0.0-cp37-cp37m-manylinux1_x86_64.whl", hash = "sha256:c5ed816632204a2fc9486d784d8e0d0ae754347aba99c811458d69fcdfd2a2f9"},
    {file = "Pillow-7.0.0-cp37-cp37m-win32.whl", hash = "sha256:54ebae163e8412aff0b9df1e88adab65788f5f5b58e625dc5c7f51eaf14a6837"},
    {file = "Pillow-7.0.0-cp37-cp37m-win_amd64.whl", hash = "sha256:87269cc6ce1e3dee11f23fa515e4249ae678dbbe2704598a51cee76c52e19cda"},
    {file = "Pillow-7.0.0-cp38-cp38-macosx_10_9_x86_64.whl", hash = "sha256:0a628977ac2e01ca96aaae247ec2bd38e729631ddf2221b4b715446fd45505be"},
    {file = "Pillow-7.0.0-cp38-cp38-manylinux1_i686.whl", hash = "sha256:62a889aeb0a79e50ecf5af272e9e3c164148f4bd9636cc6bcfa182a52c8b0533"},
    {file = "Pillow-7.0.0-cp38-cp38-manylinux1_x86_64.whl", hash = "sha256:bf4003aa538af3f4205c5fac56eacaa67a6dd81e454ffd9e9f055fff9f1bc614"},
    {file = "Pillow-7.0.0-cp38-cp38-win32.whl", hash = "sha256:7406f5a9b2fd966e79e6abdaf700585a4522e98d6559ce37fc52e5c955fade0a"},
    {file = "Pillow-7.0.0-cp38-cp38-win_amd64.whl", hash = "sha256:5f7ae9126d16194f114435ebb79cc536b5682002a4fa57fa7bb2cbcde65f2f4d"},
    {file = "Pillow-7.0.0-pp373-pypy36_pp73-win32.whl", hash = "sha256:8453f914f4e5a3d828281a6628cf517832abfa13ff50679a4848926dac7c0358"},
    {file = "Pillow-7.0.0.tar.gz", hash = "sha256:4d9ed9a64095e031435af120d3c910148067087541131e82b3e8db302f4c8946"},
]
psycopg2 = [
    {file = "psycopg2-2.8.4-cp27-cp27m-win32.whl", hash = "sha256:72772181d9bad1fa349792a1e7384dde56742c14af2b9986013eb94a240f005b"},
    {file = "psycopg2-2.8.4-cp27-cp27m-win_amd64.whl", hash = "sha256:893c11064b347b24ecdd277a094413e1954f8a4e8cdaf7ffbe7ca3db87c103f0"},
    {file = "psycopg2-2.8.4-cp34-cp34m-win32.whl", hash = "sha256:9ab75e0b2820880ae24b7136c4d230383e07db014456a476d096591172569c38"},
    {file = "psycopg2-2.8.4-cp34-cp34m-win_amd64.whl", hash = "sha256:b0845e3bdd4aa18dc2f9b6fb78fbd3d9d371ad167fd6d1b7ad01c0a6cdad4fc6"},
    {file = "psycopg2-2.8.4-cp35-cp35m-win32.whl", hash = "sha256:ef6df7e14698e79c59c7ee7cf94cd62e5b869db369ed4b1b8f7b729ea825712a"},
    {file = "psycopg2-2.8.4-cp35-cp35m-win_amd64.whl", hash = "sha256:965c4c93e33e6984d8031f74e51227bd755376a9df6993774fd5b6fb3288b1f4"},
    {file = "psycopg2-2.8.4-cp36-cp36m-win32.whl", hash = "sha256:ed686e5926929887e2c7ae0a700e32c6129abb798b4ad2b846e933de21508151"},
    {file = "psycopg2-2.8.4-cp36-cp36m-win_amd64.whl", hash = "sha256:dca2d7203f0dfce8ea4b3efd668f8ea65cd2b35112638e488a4c12594015f67b"},
    {file = "psycopg2-2.8.4-cp37-cp37m-win32.whl", hash = "sha256:8396be6e5ff844282d4d49b81631772f80dabae5658d432202faf101f5283b7c"},
    {file = "psycopg2-2.8.4-cp37-cp37m-win_amd64.whl", hash = "sha256:47fc642bf6f427805daf52d6e52619fe0637648fe27017062d898f3bf891419d"},
    {file = "psycopg2-2.8.4-cp38-cp38-win32.whl", hash = "sha256:4212ca404c4445dc5746c0d68db27d2cbfb87b523fe233dc84ecd24062e35677"},
    {file = "psycopg2-2.8.4-cp38-cp38-win_amd64.whl", hash = "sha256:92a07dfd4d7c325dd177548c4134052d4842222833576c8391aab6f74038fc3f"},
    {file = "psycopg2-2.8.4.tar.gz", hash = "sha256:f898e5cc0a662a9e12bde6f931263a1bbd350cfb18e1d5336a12927851825bb6"},
]
pycryptodome = [
    {file = "pycryptodome-3.9.4-cp27-cp27m-macosx_10_6_intel.whl", hash = "sha256:6c2720696b10ae356040e888bde1239b8957fe18885ccf5e7b4e8dec882f0856"},
    {file = "pycryptodome-3.9.4-cp27-cp27m-manylinux1_i686.whl", hash = "sha256:5c485ed6e9718ebcaa81138fa70ace9c563d202b56a8cee119b4085b023931f5"},
    {file = "pycryptodome-3.9.4-cp27-cp27m-manylinux1_x86_64.whl", hash = "sha256:56fdd0e425f1b8fd3a00b6d96351f86226674974814c50534864d0124d48871f"},
    {file = "pycryptodome-3.9.4-cp27-cp27m-win32.whl", hash = "sha256:2de33ed0a95855735d5a0fc0c39603314df9e78ee8bbf0baa9692fb46b3b8bbb"},
    {file = "pycryptodome-3.9.4-cp27-cp27m-win_amd64.whl", hash = "sha256:eec0689509389f19875f66ae8dedd59f982240cdab31b9f78a8dc266011df93a"},
    {file = "pycryptodome-3.9.4-cp27-cp27mu-manylinux1_i686.whl", hash = "sha256:68fab8455efcbfe87c5d75015476f9b606227ffe244d57bfd66269451706e899"},
    {file = "pycryptodome-3.9.4-cp27-cp27mu-manylinux1_x86_64.whl", hash = "sha256:4b9533d4166ca07abdd49ce9d516666b1df944997fe135d4b21ac376aa624aff"},
    {file = "pycryptodome-3.9.4-cp34-cp34m-manylinux1_i686.whl", hash = "sha256:d3fe3f33ad52bf0c19ee6344b695ba44ffbfa16f3c29ca61116b48d97bd970fb"},
    {file = "pycryptodome-3.9.4-cp34-cp34m-manylinux1_x86_64.whl", hash = "sha256:319e568baf86620b419d53063b18c216abf924875966efdfe06891b987196a45"},
    {file = "pycryptodome-3.9.4-cp34-cp34m-win32.whl", hash = "sha256:042ae873baadd0c33b4d699a5c5b976ade3233a979d972f98ca82314632d868c"},
    {file = "pycryptodome-3.9.4-cp34-cp34m-win_amd64.whl", hash = "sha256:a30f501bbb32e01a49ef9e09ca1260e5ab49bf33a257080ec553e08997acc487"},
    {file = "pycryptodome-3.9.4-cp35-cp35m-macosx_10_6_intel.whl", hash = "sha256:b55c60c321ac91945c60a40ac9896ac7a3d432bb3e8c14006dfd82ad5871c331"},
    {file = "pycryptodome-3.9.4-cp35-cp35m-manylinux1_i686.whl", hash = "sha256:9d9945ac8375d5d8e60bd2a2e1df5882eaa315522eedf3ca868b1546dfa34eba"},
    {file = "pycryptodome-3.9.4-cp35-cp35m-manylinux1_x86_64.whl", hash = "sha256:4372ec7518727172e1605c0843cdc5375d4771e447b8148c787b860260aae151"},
    {file = "pycryptodome-3.9.4-cp35-cp35m-win32.whl", hash = "sha256:0502876279772b1384b660ccc91563d04490d562799d8e2e06b411e2d81128a9"},
    {file = "pycryptodome-3.9.4-cp35-cp35m-win_amd64.whl", hash = "sha256:72166c2ac520a5dbd2d90208b9c279161ec0861662a621892bd52fb6ca13ab91"},
    {file = "pycryptodome-3.9.4-cp36-cp36m-macosx_10_6_intel.whl", hash = "sha256:b4af098f2a50f8d048ab12cabb59456585c0acf43d90ee79782d2d6d0ed59dba"},
    {file = "pycryptodome-3.9.4-cp36-cp36m-manylinux1_i686.whl", hash = "sha256:8a799bea3c6617736e914a2e77c409f52893d382f619f088f8a80e2e21f573c1"},
    {file = "pycryptodome-3.9.4-cp36-cp36m-manylinux1_x86_64.whl", hash = "sha256:7c52308ac5b834331b2f107a490b2c27de024a229b61df4cdc5c131d563dfe98"},
    {file = "pycryptodome-3.9.4-cp36-cp36m-win32.whl", hash = "sha256:63c103a22cbe9752f6ea9f1a0de129995bad91c4d03a66c67cffcf6ee0c9f1e1"},
    {file = "pycryptodome-3.9.4-cp36-cp36m-win_amd64.whl", hash = "sha256:54456cf85130e01674d21fb1ab89ffccacb138a8ade88d72fa2b0ac898d2798b"},
    {file = "pycryptodome-3.9.4-cp37-cp37m-macosx_10_6_intel.whl", hash = "sha256:aec4d42deb836b8fb3ba32f2ba1ef0d33dd3dc9d430b1479ee7a914490d15b5e"},
    {file = "pycryptodome-3.9.4-cp37-cp37m-manylinux1_i686.whl", hash = "sha256:896e9b6fd0762aa07b203c993fbbee7a1f1a4674c6886afd7bfa86f3d1be98a8"},
    {file = "pycryptodome-3.9.4-cp37-cp37m-manylinux1_x86_64.whl", hash = "sha256:57b1b707363490c495ad0eeb38bd1b0e1697c497af25fad78d3a1ebf0477fd5b"},
    {file = "pycryptodome-3.9.4-cp37-cp37m-win32.whl", hash = "sha256:87d8d85b4792ca5e730fb7a519fbc3ed976c59dcf79c5204589c59afd56b9926"},
    {file = "pycryptodome-3.9.4-cp37-cp37m-win_amd64.whl", hash = "sha256:e3a79a30d15d9c7c284a7734036ee8abdb5ca3a6f5774d293cdc9e1358c1dc10"},
    {file = "pycryptodome-3.9.4-cp38-cp38-macosx_10_9_x86_64.whl", hash = "sha256:48821950ffb9c836858d8fa09d7840b6df52eadd387a3c5acece55cb387743f9"},
    {file = "pycryptodome-3.9.4-cp38-cp38-manylinux1_i686.whl", hash = "sha256:cbfd97f9e060f0d30245cd29fa267a9a84de9da97559366fca0a3f7655acc63f"},
    {file = "pycryptodome-3.9.4-cp38-cp38-manylinux1_x86_64.whl", hash = "sha256:9ef966c727de942de3e41aa8462c4b7b4bca70f19af5a3f99e31376589c11aac"},
    {file = "pycryptodome-3.9.4-cp38-cp38-win32.whl", hash = "sha256:a8ca2450394d3699c9f15ef25e8de9a24b401933716a1e39d37fa01f5fe3c58b"},
    {file = "pycryptodome-3.9.4-cp38-cp38-win_amd64.whl", hash = "sha256:c53348358408d94869059e16fba5ff3bef8c52c25b18421472aba272b9bb450f"},
    {file = "pycryptodome-3.9.4.tar.gz", hash = "sha256:a168e73879619b467072509a223282a02c8047d932a48b74fbd498f27224aa04"},
]
pyjwt = [
    {file = "PyJWT-1.7.1-py2.py3-none-any.whl", hash = "sha256:5c6eca3c2940464d106b99ba83b00c6add741c9becaec087fb7ccdefea71350e"},
    {file = "PyJWT-1.7.1.tar.gz", hash = "sha256:8d59a976fb773f3e6a39c85636357c4f0e242707394cadadd9814f5cbaa20e96"},
]
python-box = [
    {file = "python-box-3.4.6.tar.gz", hash = "sha256:694a7555e3ff9fbbce734bbaef3aad92b8e4ed0659d3ed04d56b6a0a0eff26a9"},
    {file = "python_box-3.4.6-py2.py3-none-any.whl", hash = "sha256:a71d3dc9dbaa34c8597d3517c89a8041bd62fa875f23c0f3dad55e1958e3ce10"},
]
python-dateutil = [
    {file = "python-dateutil-2.8.1.tar.gz", hash = "sha256:73ebfe9dbf22e832286dafa60473e4cd239f8592f699aa5adaf10050e6e1823c"},
    {file = "python_dateutil-2.8.1-py2.py3-none-any.whl", hash = "sha256:75bb3f31ea686f1197762692a9ee6a7550b59fc6ca3a1f4b5d7e32fb98e2da2a"},
]
python-dotenv = [
    {file = "python-dotenv-0.10.3.tar.gz", hash = "sha256:f157d71d5fec9d4bd5f51c82746b6344dffa680ee85217c123f4a0c8117c4544"},
    {file = "python_dotenv-0.10.3-py2.py3-none-any.whl", hash = "sha256:debd928b49dbc2bf68040566f55cdb3252458036464806f4094487244e2a4093"},
]
python-memcached = [
    {file = "python-memcached-1.59.tar.gz", hash = "sha256:a2e28637be13ee0bf1a8b6843e7490f9456fd3f2a4cb60471733c7b5d5557e4f"},
    {file = "python_memcached-1.59-py2.py3-none-any.whl", hash = "sha256:4dac64916871bd3550263323fc2ce18e1e439080a2d5670c594cf3118d99b594"},
]
pytz = [
    {file = "pytz-2019.3-py2.py3-none-any.whl", hash = "sha256:1c557d7d0e871de1f5ccd5833f60fb2550652da6be2693c1e02300743d21500d"},
    {file = "pytz-2019.3.tar.gz", hash = "sha256:b02c06db6cf09c12dd25137e563b31700d3b80fcc4ad23abb7a315f2789819be"},
]
pyyaml = [
    {file = "PyYAML-5.2-cp27-cp27m-win32.whl", hash = "sha256:35ace9b4147848cafac3db142795ee42deebe9d0dad885ce643928e88daebdcc"},
    {file = "PyYAML-5.2-cp27-cp27m-win_amd64.whl", hash = "sha256:ebc4ed52dcc93eeebeae5cf5deb2ae4347b3a81c3fa12b0b8c976544829396a4"},
    {file = "PyYAML-5.2-cp35-cp35m-win32.whl", hash = "sha256:38a4f0d114101c58c0f3a88aeaa44d63efd588845c5a2df5290b73db8f246d15"},
    {file = "PyYAML-5.2-cp35-cp35m-win_amd64.whl", hash = "sha256:483eb6a33b671408c8529106df3707270bfacb2447bf8ad856a4b4f57f6e3075"},
    {file = "PyYAML-5.2-cp36-cp36m-win32.whl", hash = "sha256:7f38e35c00e160db592091751d385cd7b3046d6d51f578b29943225178257b31"},
    {file = "PyYAML-5.2-cp36-cp36m-win_amd64.whl", hash = "sha256:0e7f69397d53155e55d10ff68fdfb2cf630a35e6daf65cf0bdeaf04f127c09dc"},
    {file = "PyYAML-5.2-cp37-cp37m-win32.whl", hash = "sha256:e4c015484ff0ff197564917b4b4246ca03f411b9bd7f16e02a2f586eb48b6d04"},
    {file = "PyYAML-5.2-cp37-cp37m-win_amd64.whl", hash = "sha256:4b6be5edb9f6bb73680f5bf4ee08ff25416d1400fbd4535fe0069b2994da07cd"},
    {file = "PyYAML-5.2-cp38-cp38-win32.whl", hash = "sha256:8100c896ecb361794d8bfdb9c11fce618c7cf83d624d73d5ab38aef3bc82d43f"},
    {file = "PyYAML-5.2-cp38-cp38-win_amd64.whl", hash = "sha256:2e9f0b7c5914367b0916c3c104a024bb68f269a486b9d04a2e8ac6f6597b7803"},
    {file = "PyYAML-5.2.tar.gz", hash = "sha256:c0ee8eca2c582d29c3c2ec6e2c4f703d1b7f1fb10bc72317355a746057e7346c"},
]
qrcode = [
    {file = "qrcode-6.1-py2.py3-none-any.whl", hash = "sha256:3996ee560fc39532910603704c82980ff6d4d5d629f9c3f25f34174ce8606cf5"},
    {file = "qrcode-6.1.tar.gz", hash = "sha256:505253854f607f2abf4d16092c61d4e9d511a3b4392e60bff957a68592b04369"},
]
requests = [
    {file = "requests-2.22.0-py2.py3-none-any.whl", hash = "sha256:9cf5292fcd0f598c671cfc1e0d7d1a7f13bb8085e9a590f48c010551dc6c4b31"},
    {file = "requests-2.22.0.tar.gz", hash = "sha256:11e007a8a2aa0323f5a921e9e6a2d7e4e67d9877e85773fba9ba6419025cbeb4"},
]
six = [
    {file = "six-1.13.0-py2.py3-none-any.whl", hash = "sha256:1f1b7d42e254082a9db6279deae68afb421ceba6158efa6131de7b3003ee93fd"},
    {file = "six-1.13.0.tar.gz", hash = "sha256:30f610279e8b2578cab6db20741130331735c781b56053c59c4076da27f06b66"},
]
soupsieve = [
    {file = "soupsieve-1.9.5-py2.py3-none-any.whl", hash = "sha256:bdb0d917b03a1369ce964056fc195cfdff8819c40de04695a80bc813c3cfa1f5"},
    {file = "soupsieve-1.9.5.tar.gz", hash = "sha256:e2c1c5dee4a1c36bcb790e0fabd5492d874b8ebd4617622c4f6a731701060dda"},
]
sqlparse = [
    {file = "sqlparse-0.3.0-py2.py3-none-any.whl", hash = "sha256:40afe6b8d4b1117e7dff5504d7a8ce07d9a1b15aeeade8a2d10f130a834f8177"},
    {file = "sqlparse-0.3.0.tar.gz", hash = "sha256:7c3dca29c022744e95b547e867cee89f4fce4373f3549ccd8797d8eb52cdb873"},
]
text-unidecode = [
    {file = "text-unidecode-1.3.tar.gz", hash = "sha256:bad6603bb14d279193107714b288be206cac565dfa49aa5b105294dd5c4aab93"},
    {file = "text_unidecode-1.3-py2.py3-none-any.whl", hash = "sha256:1311f10e8b895935241623731c2ba64f4c455287888b18189350b67134a822e8"},
]
toml = [
    {file = "toml-0.10.0-py2.7.egg", hash = "sha256:f1db651f9657708513243e61e6cc67d101a39bad662eaa9b5546f789338e07a3"},
    {file = "toml-0.10.0-py2.py3-none-any.whl", hash = "sha256:235682dd292d5899d361a811df37e04a8828a5b1da3115886b73cf81ebc9100e"},
    {file = "toml-0.10.0.tar.gz", hash = "sha256:229f81c57791a41d65e399fc06bf0848bab550a9dfd5ed66df18ce5f05e73d5c"},
]
tqdm = [
    {file = "tqdm-4.41.1-py2.py3-none-any.whl", hash = "sha256:efab950cf7cc1e4d8ee50b2bb9c8e4a89f8307b49e0b2c9cfef3ec4ca26655eb"},
    {file = "tqdm-4.41.1.tar.gz", hash = "sha256:4789ccbb6fc122b5a6a85d512e4e41fc5acad77216533a6f2b8ce51e0f265c23"},
]
twilio = [
    {file = "twilio-6.35.1.tar.gz", hash = "sha256:c784e55d150ebeb2ba837afbab7168edfb91db57e77a9da49f2a1892688a1930"},
]
urllib3 = [
    {file = "urllib3-1.25.7-py2.py3-none-any.whl", hash = "sha256:a8a318824cc77d1fd4b2bec2ded92646630d7fe8619497b142c84a9e6f5a7293"},
    {file = "urllib3-1.25.7.tar.gz", hash = "sha256:f3c5fd51747d450d4dcf6f923c81f78f811aab8205fda64b0aba34a4e48b0745"},
]
yubiotp = [
    {file = "YubiOTP-0.2.2.post1-py2.py3-none-any.whl", hash = "sha256:7e281801b24678f4bda855ce8ab975a7688a912f5a6cb22b6c2b16263a93cbd2"},
    {file = "YubiOTP-0.2.2.post1.tar.gz", hash = "sha256:de83b1560226e38b5923f6ab919f962c8c2abb7c722104cb45b2b6db2ac86e40"},
]
